{
  "name": "demo",
  "version": "1.0.0",
  "dependencies": {
    "oauth": {
      "version": "0.9.15"
    },
    "punycode": {
      "version": "1.3.2"
    },
    "querystring": {
      "version": "0.2.0"
    },
    "sentiment": {
      "version": "4.1.0"
    },
    "url": {
      "version": "0.11.0"
    }
  }
}
